
Microsoft Visual Studio Solution File, Format Version 12.00
# Visual Studio Version 17
VisualStudioVersion = 17.7.34024.191
MinimumVisualStudioVersion = 10.0.40219.1
Project("{FAE04EC0-301F-11D3-BF4B-00C04F79EFBC}") = "Examen2progra", "Examen2progra\Examen2progra.csproj", "{10B8ECBE-7A0F-47FC-A130-5E04BFCE18EB}"
EndProject
Global
	GlobalSection(SolutionConfigurationPlatforms) = preSolution
		Debug|Any CPU = Debug|Any CPU
		Release|Any CPU = Release|Any CPU
	EndGlobalSection
	GlobalSection(ProjectConfigurationPlatforms) = postSolution
		{10B8ECBE-7A0F-47FC-A130-5E04BFCE18EB}.Debug|Any CPU.ActiveCfg = Debug|Any CPU
		{10B8ECBE-7A0F-47FC-A130-5E04BFCE18EB}.Debug|Any CPU.Build.0 = Debug|Any CPU
		{10B8ECBE-7A0F-47FC-A130-5E04BFCE18EB}.Release|Any CPU.ActiveCfg = Release|Any CPU
		{10B8ECBE-7A0F-47FC-A130-5E04BFCE18EB}.Release|Any CPU.Build.0 = Release|Any CPU
	EndGlobalSection
	GlobalSection(SolutionProperties) = preSolution
		HideSolutionNode = FALSE
	EndGlobalSection
	GlobalSection(ExtensibilityGlobals) = postSolution
		SolutionGuid = {9159B2F9-2CFE-488C-8B33-BEF54F99996B}
	EndGlobalSection
EndGlobal
